
Microsoft Visual Studio Solution File, Format Version 12.00
# Visual Studio 15
VisualStudioVersion = 15.0.28010.2050
MinimumVisualStudioVersion = 10.0.40219.1
Project("{FAE04EC0-301F-11D3-BF4B-00C04F79EFBC}") = "TexstBox", "TexstBox\TexstBox.csproj", "{55339547-F726-404E-94D8-046458213CFC}"
EndProject
Global
	GlobalSection(SolutionConfigurationPlatforms) = preSolution
		Debug|Any CPU = Debug|Any CPU
		Release|Any CPU = Release|Any CPU
	EndGlobalSection
	GlobalSection(ProjectConfigurationPlatforms) = postSolution
		{55339547-F726-404E-94D8-046458213CFC}.Debug|Any CPU.ActiveCfg = Debug|Any CPU
		{55339547-F726-404E-94D8-046458213CFC}.Debug|Any CPU.Build.0 = Debug|Any CPU
		{55339547-F726-404E-94D8-046458213CFC}.Release|Any CPU.ActiveCfg = Release|Any CPU
		{55339547-F726-404E-94D8-046458213CFC}.Release|Any CPU.Build.0 = Release|Any CPU
	EndGlobalSection
	GlobalSection(SolutionProperties) = preSolution
		HideSolutionNode = FALSE
	EndGlobalSection
	GlobalSection(ExtensibilityGlobals) = postSolution
		SolutionGuid = {786E585B-26C8-45C0-BCFE-BAF9A8FF4D9E}
	EndGlobalSection
EndGlobal
