
Microsoft Visual Studio Solution File, Format Version 12.00
# Visual Studio 15
VisualStudioVersion = 15.0.28010.2050
MinimumVisualStudioVersion = 10.0.40219.1
Project("{FAE04EC0-301F-11D3-BF4B-00C04F79EFBC}") = "Task5", "Task5.csproj", "{AEE3A72B-A154-4AAE-83ED-09DBA2D40F20}"
EndProject
Project("{FAE04EC0-301F-11D3-BF4B-00C04F79EFBC}") = "Task7", "..\Task7\Task7.csproj", "{368C3C79-BAE7-4B84-A850-F6189D40D41A}"
EndProject
Project("{FAE04EC0-301F-11D3-BF4B-00C04F79EFBC}") = "TaskDop1", "TaskDop1\TaskDop1.csproj", "{D660CB4C-0337-412F-8D5D-6EFEEA91D856}"
EndProject
Project("{FAE04EC0-301F-11D3-BF4B-00C04F79EFBC}") = "DopTask2", "DopTask2\DopTask2.csproj", "{47DC818A-D22F-4D13-9B62-29E96C5F729F}"
EndProject
Global
	GlobalSection(SolutionConfigurationPlatforms) = preSolution
		Debug|Any CPU = Debug|Any CPU
		Release|Any CPU = Release|Any CPU
	EndGlobalSection
	GlobalSection(ProjectConfigurationPlatforms) = postSolution
		{AEE3A72B-A154-4AAE-83ED-09DBA2D40F20}.Debug|Any CPU.ActiveCfg = Debug|Any CPU
		{AEE3A72B-A154-4AAE-83ED-09DBA2D40F20}.Debug|Any CPU.Build.0 = Debug|Any CPU
		{AEE3A72B-A154-4AAE-83ED-09DBA2D40F20}.Release|Any CPU.ActiveCfg = Release|Any CPU
		{AEE3A72B-A154-4AAE-83ED-09DBA2D40F20}.Release|Any CPU.Build.0 = Release|Any CPU
		{368C3C79-BAE7-4B84-A850-F6189D40D41A}.Debug|Any CPU.ActiveCfg = Debug|Any CPU
		{368C3C79-BAE7-4B84-A850-F6189D40D41A}.Debug|Any CPU.Build.0 = Debug|Any CPU
		{368C3C79-BAE7-4B84-A850-F6189D40D41A}.Release|Any CPU.ActiveCfg = Release|Any CPU
		{368C3C79-BAE7-4B84-A850-F6189D40D41A}.Release|Any CPU.Build.0 = Release|Any CPU
		{D660CB4C-0337-412F-8D5D-6EFEEA91D856}.Debug|Any CPU.ActiveCfg = Debug|Any CPU
		{D660CB4C-0337-412F-8D5D-6EFEEA91D856}.Debug|Any CPU.Build.0 = Debug|Any CPU
		{D660CB4C-0337-412F-8D5D-6EFEEA91D856}.Release|Any CPU.ActiveCfg = Release|Any CPU
		{D660CB4C-0337-412F-8D5D-6EFEEA91D856}.Release|Any CPU.Build.0 = Release|Any CPU
		{47DC818A-D22F-4D13-9B62-29E96C5F729F}.Debug|Any CPU.ActiveCfg = Debug|Any CPU
		{47DC818A-D22F-4D13-9B62-29E96C5F729F}.Debug|Any CPU.Build.0 = Debug|Any CPU
		{47DC818A-D22F-4D13-9B62-29E96C5F729F}.Release|Any CPU.ActiveCfg = Release|Any CPU
		{47DC818A-D22F-4D13-9B62-29E96C5F729F}.Release|Any CPU.Build.0 = Release|Any CPU
	EndGlobalSection
	GlobalSection(SolutionProperties) = preSolution
		HideSolutionNode = FALSE
	EndGlobalSection
	GlobalSection(ExtensibilityGlobals) = postSolution
		SolutionGuid = {F683624C-89B2-4EC9-8880-4F36DA83AEC0}
	EndGlobalSection
EndGlobal
