
Microsoft Visual Studio Solution File, Format Version 12.00
# Visual Studio 15
VisualStudioVersion = 15.0.28010.2050
MinimumVisualStudioVersion = 10.0.40219.1
Project("{FAE04EC0-301F-11D3-BF4B-00C04F79EFBC}") = "Task4", "Task4\Task4.csproj", "{6DCC7D56-99F3-4022-A612-B4AF1B15ABA5}"
EndProject
Global
	GlobalSection(SolutionConfigurationPlatforms) = preSolution
		Debug|Any CPU = Debug|Any CPU
		Release|Any CPU = Release|Any CPU
	EndGlobalSection
	GlobalSection(ProjectConfigurationPlatforms) = postSolution
		{6DCC7D56-99F3-4022-A612-B4AF1B15ABA5}.Debug|Any CPU.ActiveCfg = Debug|Any CPU
		{6DCC7D56-99F3-4022-A612-B4AF1B15ABA5}.Debug|Any CPU.Build.0 = Debug|Any CPU
		{6DCC7D56-99F3-4022-A612-B4AF1B15ABA5}.Release|Any CPU.ActiveCfg = Release|Any CPU
		{6DCC7D56-99F3-4022-A612-B4AF1B15ABA5}.Release|Any CPU.Build.0 = Release|Any CPU
	EndGlobalSection
	GlobalSection(SolutionProperties) = preSolution
		HideSolutionNode = FALSE
	EndGlobalSection
	GlobalSection(ExtensibilityGlobals) = postSolution
		SolutionGuid = {95C9BE9A-F5FB-49D8-9E11-E935E72A2416}
	EndGlobalSection
EndGlobal
