
Microsoft Visual Studio Solution File, Format Version 12.00
# Visual Studio 15
VisualStudioVersion = 15.0.28010.2050
MinimumVisualStudioVersion = 10.0.40219.1
Project("{FAE04EC0-301F-11D3-BF4B-00C04F79EFBC}") = "Task1", "Task1\Task1.csproj", "{5CE774C4-4C4E-4BAD-9F76-54422646D607}"
EndProject
Project("{FAE04EC0-301F-11D3-BF4B-00C04F79EFBC}") = "ClassLibrary1", "ClassLibrary1\ClassLibrary1.csproj", "{771987B0-9CE8-4900-A0C2-0687ABFF15B4}"
EndProject
Project("{FAE04EC0-301F-11D3-BF4B-00C04F79EFBC}") = "Figure", "Figure\Figure.csproj", "{19C7A21B-F1F2-42D6-A945-C9D3137DD1E1}"
EndProject
Project("{FAE04EC0-301F-11D3-BF4B-00C04F79EFBC}") = "Task2", "TAsk2\Task2.csproj", "{55E04670-3B35-4E2B-ACB9-84FF9E2E0189}"
EndProject
Project("{FAE04EC0-301F-11D3-BF4B-00C04F79EFBC}") = "MyEmploy", "MyEmploy\MyEmploy.csproj", "{62AAFF98-736E-4CC3-818B-F0C44295AC97}"
EndProject
Project("{FAE04EC0-301F-11D3-BF4B-00C04F79EFBC}") = "Task3", "Task3\Task3.csproj", "{7EF452A8-7608-4D69-8103-197432771984}"
EndProject
Project("{FAE04EC0-301F-11D3-BF4B-00C04F79EFBC}") = "MyFigures", "MyFigures\MyFigures.csproj", "{71E3A963-C268-4252-9A35-92B41AD7BF4C}"
EndProject
Project("{FAE04EC0-301F-11D3-BF4B-00C04F79EFBC}") = "Task4", "Task4\Task4.csproj", "{9FE8F1DE-3E73-4CF4-88BE-819EE1BC05D7}"
EndProject
Project("{FAE04EC0-301F-11D3-BF4B-00C04F79EFBC}") = "AbstractTestLibrary", "AbstractTestLibrary\AbstractTestLibrary.csproj", "{C1777A40-E9B9-445D-9F8A-4B3BC5DD6D40}"
EndProject
Project("{FAE04EC0-301F-11D3-BF4B-00C04F79EFBC}") = "Task05", "Task05\Task05.csproj", "{585D3FCE-DD82-42E1-947E-6E4866B429AA}"
EndProject
Project("{FAE04EC0-301F-11D3-BF4B-00C04F79EFBC}") = "Task6", "Task6\Task6.csproj", "{4DD6FBC4-4F13-4553-B24C-1865517601A3}"
EndProject
Project("{FAE04EC0-301F-11D3-BF4B-00C04F79EFBC}") = "ClassLibrary2", "ClassLibrary2\ClassLibrary2.csproj", "{5924114F-0AD6-4E80-92BD-208BD1BA265F}"
EndProject
Project("{FAE04EC0-301F-11D3-BF4B-00C04F79EFBC}") = "Task7", "Task7\Task7.csproj", "{BA5503F7-BFAB-4CF3-95A4-E0279EB2FF97}"
EndProject
Project("{FAE04EC0-301F-11D3-BF4B-00C04F79EFBC}") = "Task8", "Task8\Task8.csproj", "{D15800D5-2AC6-4E50-99EA-048A1F7DAE1C}"
EndProject
Project("{FAE04EC0-301F-11D3-BF4B-00C04F79EFBC}") = "Cinderella", "Cinderella\Cinderella.csproj", "{4568E1A9-7D55-430C-9B78-1D8215602023}"
EndProject
Project("{FAE04EC0-301F-11D3-BF4B-00C04F79EFBC}") = "Task9", "ConsoleApp1\Task9.csproj", "{BEEB827C-6055-4FCA-85C0-3A4DA532F7F4}"
EndProject
Project("{FAE04EC0-301F-11D3-BF4B-00C04F79EFBC}") = "Animals", "Animal\Animals.csproj", "{E904A7EB-A41D-41AD-AE8F-55AA63ED22F5}"
EndProject
Project("{FAE04EC0-301F-11D3-BF4B-00C04F79EFBC}") = "Task10", "Task10\Task10.csproj", "{31FC87FE-EC00-4C7D-B5B8-58708B420BF0}"
EndProject
Global
	GlobalSection(SolutionConfigurationPlatforms) = preSolution
		Debug|Any CPU = Debug|Any CPU
		Release|Any CPU = Release|Any CPU
	EndGlobalSection
	GlobalSection(ProjectConfigurationPlatforms) = postSolution
		{5CE774C4-4C4E-4BAD-9F76-54422646D607}.Debug|Any CPU.ActiveCfg = Debug|Any CPU
		{5CE774C4-4C4E-4BAD-9F76-54422646D607}.Debug|Any CPU.Build.0 = Debug|Any CPU
		{5CE774C4-4C4E-4BAD-9F76-54422646D607}.Release|Any CPU.ActiveCfg = Release|Any CPU
		{5CE774C4-4C4E-4BAD-9F76-54422646D607}.Release|Any CPU.Build.0 = Release|Any CPU
		{771987B0-9CE8-4900-A0C2-0687ABFF15B4}.Debug|Any CPU.ActiveCfg = Debug|Any CPU
		{771987B0-9CE8-4900-A0C2-0687ABFF15B4}.Debug|Any CPU.Build.0 = Debug|Any CPU
		{771987B0-9CE8-4900-A0C2-0687ABFF15B4}.Release|Any CPU.ActiveCfg = Release|Any CPU
		{771987B0-9CE8-4900-A0C2-0687ABFF15B4}.Release|Any CPU.Build.0 = Release|Any CPU
		{19C7A21B-F1F2-42D6-A945-C9D3137DD1E1}.Debug|Any CPU.ActiveCfg = Debug|Any CPU
		{19C7A21B-F1F2-42D6-A945-C9D3137DD1E1}.Debug|Any CPU.Build.0 = Debug|Any CPU
		{19C7A21B-F1F2-42D6-A945-C9D3137DD1E1}.Release|Any CPU.ActiveCfg = Release|Any CPU
		{19C7A21B-F1F2-42D6-A945-C9D3137DD1E1}.Release|Any CPU.Build.0 = Release|Any CPU
		{55E04670-3B35-4E2B-ACB9-84FF9E2E0189}.Debug|Any CPU.ActiveCfg = Debug|Any CPU
		{55E04670-3B35-4E2B-ACB9-84FF9E2E0189}.Debug|Any CPU.Build.0 = Debug|Any CPU
		{55E04670-3B35-4E2B-ACB9-84FF9E2E0189}.Release|Any CPU.ActiveCfg = Release|Any CPU
		{55E04670-3B35-4E2B-ACB9-84FF9E2E0189}.Release|Any CPU.Build.0 = Release|Any CPU
		{62AAFF98-736E-4CC3-818B-F0C44295AC97}.Debug|Any CPU.ActiveCfg = Debug|Any CPU
		{62AAFF98-736E-4CC3-818B-F0C44295AC97}.Debug|Any CPU.Build.0 = Debug|Any CPU
		{62AAFF98-736E-4CC3-818B-F0C44295AC97}.Release|Any CPU.ActiveCfg = Release|Any CPU
		{62AAFF98-736E-4CC3-818B-F0C44295AC97}.Release|Any CPU.Build.0 = Release|Any CPU
		{7EF452A8-7608-4D69-8103-197432771984}.Debug|Any CPU.ActiveCfg = Debug|Any CPU
		{7EF452A8-7608-4D69-8103-197432771984}.Debug|Any CPU.Build.0 = Debug|Any CPU
		{7EF452A8-7608-4D69-8103-197432771984}.Release|Any CPU.ActiveCfg = Release|Any CPU
		{7EF452A8-7608-4D69-8103-197432771984}.Release|Any CPU.Build.0 = Release|Any CPU
		{71E3A963-C268-4252-9A35-92B41AD7BF4C}.Debug|Any CPU.ActiveCfg = Debug|Any CPU
		{71E3A963-C268-4252-9A35-92B41AD7BF4C}.Debug|Any CPU.Build.0 = Debug|Any CPU
		{71E3A963-C268-4252-9A35-92B41AD7BF4C}.Release|Any CPU.ActiveCfg = Release|Any CPU
		{71E3A963-C268-4252-9A35-92B41AD7BF4C}.Release|Any CPU.Build.0 = Release|Any CPU
		{9FE8F1DE-3E73-4CF4-88BE-819EE1BC05D7}.Debug|Any CPU.ActiveCfg = Debug|Any CPU
		{9FE8F1DE-3E73-4CF4-88BE-819EE1BC05D7}.Debug|Any CPU.Build.0 = Debug|Any CPU
		{9FE8F1DE-3E73-4CF4-88BE-819EE1BC05D7}.Release|Any CPU.ActiveCfg = Release|Any CPU
		{9FE8F1DE-3E73-4CF4-88BE-819EE1BC05D7}.Release|Any CPU.Build.0 = Release|Any CPU
		{C1777A40-E9B9-445D-9F8A-4B3BC5DD6D40}.Debug|Any CPU.ActiveCfg = Debug|Any CPU
		{C1777A40-E9B9-445D-9F8A-4B3BC5DD6D40}.Debug|Any CPU.Build.0 = Debug|Any CPU
		{C1777A40-E9B9-445D-9F8A-4B3BC5DD6D40}.Release|Any CPU.ActiveCfg = Release|Any CPU
		{C1777A40-E9B9-445D-9F8A-4B3BC5DD6D40}.Release|Any CPU.Build.0 = Release|Any CPU
		{585D3FCE-DD82-42E1-947E-6E4866B429AA}.Debug|Any CPU.ActiveCfg = Debug|Any CPU
		{585D3FCE-DD82-42E1-947E-6E4866B429AA}.Debug|Any CPU.Build.0 = Debug|Any CPU
		{585D3FCE-DD82-42E1-947E-6E4866B429AA}.Release|Any CPU.ActiveCfg = Release|Any CPU
		{585D3FCE-DD82-42E1-947E-6E4866B429AA}.Release|Any CPU.Build.0 = Release|Any CPU
		{4DD6FBC4-4F13-4553-B24C-1865517601A3}.Debug|Any CPU.ActiveCfg = Debug|Any CPU
		{4DD6FBC4-4F13-4553-B24C-1865517601A3}.Debug|Any CPU.Build.0 = Debug|Any CPU
		{4DD6FBC4-4F13-4553-B24C-1865517601A3}.Release|Any CPU.ActiveCfg = Release|Any CPU
		{4DD6FBC4-4F13-4553-B24C-1865517601A3}.Release|Any CPU.Build.0 = Release|Any CPU
		{5924114F-0AD6-4E80-92BD-208BD1BA265F}.Debug|Any CPU.ActiveCfg = Debug|Any CPU
		{5924114F-0AD6-4E80-92BD-208BD1BA265F}.Debug|Any CPU.Build.0 = Debug|Any CPU
		{5924114F-0AD6-4E80-92BD-208BD1BA265F}.Release|Any CPU.ActiveCfg = Release|Any CPU
		{5924114F-0AD6-4E80-92BD-208BD1BA265F}.Release|Any CPU.Build.0 = Release|Any CPU
		{BA5503F7-BFAB-4CF3-95A4-E0279EB2FF97}.Debug|Any CPU.ActiveCfg = Debug|Any CPU
		{BA5503F7-BFAB-4CF3-95A4-E0279EB2FF97}.Debug|Any CPU.Build.0 = Debug|Any CPU
		{BA5503F7-BFAB-4CF3-95A4-E0279EB2FF97}.Release|Any CPU.ActiveCfg = Release|Any CPU
		{BA5503F7-BFAB-4CF3-95A4-E0279EB2FF97}.Release|Any CPU.Build.0 = Release|Any CPU
		{D15800D5-2AC6-4E50-99EA-048A1F7DAE1C}.Debug|Any CPU.ActiveCfg = Debug|Any CPU
		{D15800D5-2AC6-4E50-99EA-048A1F7DAE1C}.Debug|Any CPU.Build.0 = Debug|Any CPU
		{D15800D5-2AC6-4E50-99EA-048A1F7DAE1C}.Release|Any CPU.ActiveCfg = Release|Any CPU
		{D15800D5-2AC6-4E50-99EA-048A1F7DAE1C}.Release|Any CPU.Build.0 = Release|Any CPU
		{4568E1A9-7D55-430C-9B78-1D8215602023}.Debug|Any CPU.ActiveCfg = Debug|Any CPU
		{4568E1A9-7D55-430C-9B78-1D8215602023}.Debug|Any CPU.Build.0 = Debug|Any CPU
		{4568E1A9-7D55-430C-9B78-1D8215602023}.Release|Any CPU.ActiveCfg = Release|Any CPU
		{4568E1A9-7D55-430C-9B78-1D8215602023}.Release|Any CPU.Build.0 = Release|Any CPU
		{BEEB827C-6055-4FCA-85C0-3A4DA532F7F4}.Debug|Any CPU.ActiveCfg = Debug|Any CPU
		{BEEB827C-6055-4FCA-85C0-3A4DA532F7F4}.Debug|Any CPU.Build.0 = Debug|Any CPU
		{BEEB827C-6055-4FCA-85C0-3A4DA532F7F4}.Release|Any CPU.ActiveCfg = Release|Any CPU
		{BEEB827C-6055-4FCA-85C0-3A4DA532F7F4}.Release|Any CPU.Build.0 = Release|Any CPU
		{E904A7EB-A41D-41AD-AE8F-55AA63ED22F5}.Debug|Any CPU.ActiveCfg = Debug|Any CPU
		{E904A7EB-A41D-41AD-AE8F-55AA63ED22F5}.Debug|Any CPU.Build.0 = Debug|Any CPU
		{E904A7EB-A41D-41AD-AE8F-55AA63ED22F5}.Release|Any CPU.ActiveCfg = Release|Any CPU
		{E904A7EB-A41D-41AD-AE8F-55AA63ED22F5}.Release|Any CPU.Build.0 = Release|Any CPU
		{31FC87FE-EC00-4C7D-B5B8-58708B420BF0}.Debug|Any CPU.ActiveCfg = Debug|Any CPU
		{31FC87FE-EC00-4C7D-B5B8-58708B420BF0}.Debug|Any CPU.Build.0 = Debug|Any CPU
		{31FC87FE-EC00-4C7D-B5B8-58708B420BF0}.Release|Any CPU.ActiveCfg = Release|Any CPU
		{31FC87FE-EC00-4C7D-B5B8-58708B420BF0}.Release|Any CPU.Build.0 = Release|Any CPU
	EndGlobalSection
	GlobalSection(SolutionProperties) = preSolution
		HideSolutionNode = FALSE
	EndGlobalSection
	GlobalSection(ExtensibilityGlobals) = postSolution
		SolutionGuid = {C9E85FB9-8964-442C-A8AA-9353E1F020AD}
	EndGlobalSection
EndGlobal
