
Microsoft Visual Studio Solution File, Format Version 12.00
# Visual Studio 15
VisualStudioVersion = 15.0.28010.2026
MinimumVisualStudioVersion = 10.0.40219.1
Project("{FAE04EC0-301F-11D3-BF4B-00C04F79EFBC}") = "Task1", "Task1\Task1.csproj", "{EDE58AD2-5870-4E70-A658-96ECB39C1F54}"
EndProject
Project("{FAE04EC0-301F-11D3-BF4B-00C04F79EFBC}") = "Task2", "Task2\Task2.csproj", "{5BB62119-0311-4537-B339-6D27139459E1}"
EndProject
Project("{FAE04EC0-301F-11D3-BF4B-00C04F79EFBC}") = "Task3", "Task3\Task3.csproj", "{9A813201-9AF7-430B-8DD4-1DE98C3C26F7}"
EndProject
Global
	GlobalSection(SolutionConfigurationPlatforms) = preSolution
		Debug|Any CPU = Debug|Any CPU
		Release|Any CPU = Release|Any CPU
	EndGlobalSection
	GlobalSection(ProjectConfigurationPlatforms) = postSolution
		{EDE58AD2-5870-4E70-A658-96ECB39C1F54}.Debug|Any CPU.ActiveCfg = Debug|Any CPU
		{EDE58AD2-5870-4E70-A658-96ECB39C1F54}.Debug|Any CPU.Build.0 = Debug|Any CPU
		{EDE58AD2-5870-4E70-A658-96ECB39C1F54}.Release|Any CPU.ActiveCfg = Release|Any CPU
		{EDE58AD2-5870-4E70-A658-96ECB39C1F54}.Release|Any CPU.Build.0 = Release|Any CPU
		{5BB62119-0311-4537-B339-6D27139459E1}.Debug|Any CPU.ActiveCfg = Debug|Any CPU
		{5BB62119-0311-4537-B339-6D27139459E1}.Debug|Any CPU.Build.0 = Debug|Any CPU
		{5BB62119-0311-4537-B339-6D27139459E1}.Release|Any CPU.ActiveCfg = Release|Any CPU
		{5BB62119-0311-4537-B339-6D27139459E1}.Release|Any CPU.Build.0 = Release|Any CPU
		{9A813201-9AF7-430B-8DD4-1DE98C3C26F7}.Debug|Any CPU.ActiveCfg = Debug|Any CPU
		{9A813201-9AF7-430B-8DD4-1DE98C3C26F7}.Debug|Any CPU.Build.0 = Debug|Any CPU
		{9A813201-9AF7-430B-8DD4-1DE98C3C26F7}.Release|Any CPU.ActiveCfg = Release|Any CPU
		{9A813201-9AF7-430B-8DD4-1DE98C3C26F7}.Release|Any CPU.Build.0 = Release|Any CPU
	EndGlobalSection
	GlobalSection(SolutionProperties) = preSolution
		HideSolutionNode = FALSE
	EndGlobalSection
	GlobalSection(ExtensibilityGlobals) = postSolution
		SolutionGuid = {BFF462C4-2F79-4FA8-95C1-DA940A78E13D}
	EndGlobalSection
EndGlobal
