
Microsoft Visual Studio Solution File, Format Version 12.00
# Visual Studio 15
VisualStudioVersion = 15.0.28010.2026
MinimumVisualStudioVersion = 10.0.40219.1
Project("{FAE04EC0-301F-11D3-BF4B-00C04F79EFBC}") = "Task1", "Task1\Task1.csproj", "{4067C327-14BD-41D0-BFED-ACD2C4362BF5}"
EndProject
Project("{FAE04EC0-301F-11D3-BF4B-00C04F79EFBC}") = "Task4", "Task2\Task4.csproj", "{294B6BDF-EC78-4D1F-916E-881851872F9F}"
EndProject
Project("{FAE04EC0-301F-11D3-BF4B-00C04F79EFBC}") = "Task5", "Task5\Task5.csproj", "{5543514F-89FE-43CF-912F-DA66BDA64C7D}"
EndProject
Project("{FAE04EC0-301F-11D3-BF4B-00C04F79EFBC}") = "Task6", "Task6\Task6.csproj", "{54DB5114-A096-4714-8B45-EB60E6A22F3F}"
EndProject
Global
	GlobalSection(SolutionConfigurationPlatforms) = preSolution
		Debug|Any CPU = Debug|Any CPU
		Release|Any CPU = Release|Any CPU
	EndGlobalSection
	GlobalSection(ProjectConfigurationPlatforms) = postSolution
		{4067C327-14BD-41D0-BFED-ACD2C4362BF5}.Debug|Any CPU.ActiveCfg = Debug|Any CPU
		{4067C327-14BD-41D0-BFED-ACD2C4362BF5}.Debug|Any CPU.Build.0 = Debug|Any CPU
		{4067C327-14BD-41D0-BFED-ACD2C4362BF5}.Release|Any CPU.ActiveCfg = Release|Any CPU
		{4067C327-14BD-41D0-BFED-ACD2C4362BF5}.Release|Any CPU.Build.0 = Release|Any CPU
		{294B6BDF-EC78-4D1F-916E-881851872F9F}.Debug|Any CPU.ActiveCfg = Debug|Any CPU
		{294B6BDF-EC78-4D1F-916E-881851872F9F}.Debug|Any CPU.Build.0 = Debug|Any CPU
		{294B6BDF-EC78-4D1F-916E-881851872F9F}.Release|Any CPU.ActiveCfg = Release|Any CPU
		{294B6BDF-EC78-4D1F-916E-881851872F9F}.Release|Any CPU.Build.0 = Release|Any CPU
		{5543514F-89FE-43CF-912F-DA66BDA64C7D}.Debug|Any CPU.ActiveCfg = Debug|Any CPU
		{5543514F-89FE-43CF-912F-DA66BDA64C7D}.Debug|Any CPU.Build.0 = Debug|Any CPU
		{5543514F-89FE-43CF-912F-DA66BDA64C7D}.Release|Any CPU.ActiveCfg = Release|Any CPU
		{5543514F-89FE-43CF-912F-DA66BDA64C7D}.Release|Any CPU.Build.0 = Release|Any CPU
		{54DB5114-A096-4714-8B45-EB60E6A22F3F}.Debug|Any CPU.ActiveCfg = Debug|Any CPU
		{54DB5114-A096-4714-8B45-EB60E6A22F3F}.Debug|Any CPU.Build.0 = Debug|Any CPU
		{54DB5114-A096-4714-8B45-EB60E6A22F3F}.Release|Any CPU.ActiveCfg = Release|Any CPU
		{54DB5114-A096-4714-8B45-EB60E6A22F3F}.Release|Any CPU.Build.0 = Release|Any CPU
	EndGlobalSection
	GlobalSection(SolutionProperties) = preSolution
		HideSolutionNode = FALSE
	EndGlobalSection
	GlobalSection(ExtensibilityGlobals) = postSolution
		SolutionGuid = {522F8F6A-0AE7-4709-B6DF-A36B562627EC}
	EndGlobalSection
EndGlobal
