
Microsoft Visual Studio Solution File, Format Version 12.00
# Visual Studio 15
VisualStudioVersion = 15.0.28010.2026
MinimumVisualStudioVersion = 10.0.40219.1
Project("{FAE04EC0-301F-11D3-BF4B-00C04F79EFBC}") = "Task1", "Task1\Task1.csproj", "{92BB9511-45FE-4A05-B949-50CC6A6D749F}"
EndProject
Global
	GlobalSection(SolutionConfigurationPlatforms) = preSolution
		Debug|Any CPU = Debug|Any CPU
		Release|Any CPU = Release|Any CPU
	EndGlobalSection
	GlobalSection(ProjectConfigurationPlatforms) = postSolution
		{92BB9511-45FE-4A05-B949-50CC6A6D749F}.Debug|Any CPU.ActiveCfg = Debug|Any CPU
		{92BB9511-45FE-4A05-B949-50CC6A6D749F}.Debug|Any CPU.Build.0 = Debug|Any CPU
		{92BB9511-45FE-4A05-B949-50CC6A6D749F}.Release|Any CPU.ActiveCfg = Release|Any CPU
		{92BB9511-45FE-4A05-B949-50CC6A6D749F}.Release|Any CPU.Build.0 = Release|Any CPU
	EndGlobalSection
	GlobalSection(SolutionProperties) = preSolution
		HideSolutionNode = FALSE
	EndGlobalSection
	GlobalSection(ExtensibilityGlobals) = postSolution
		SolutionGuid = {85223D7D-02D9-4C08-B3D6-E777F50F4389}
	EndGlobalSection
EndGlobal
