
Microsoft Visual Studio Solution File, Format Version 12.00
# Visual Studio 15
VisualStudioVersion = 15.0.28010.2050
MinimumVisualStudioVersion = 10.0.40219.1
Project("{FAE04EC0-301F-11D3-BF4B-00C04F79EFBC}") = "Task4", "Task1\Task4.csproj", "{56D95F6A-1E75-46FC-A4BD-F3B96B41A6DE}"
EndProject
Project("{FAE04EC0-301F-11D3-BF4B-00C04F79EFBC}") = "Task5", "Task5\Task5.csproj", "{BBB1BA5C-40E2-4131-B682-8E041235C4A1}"
EndProject
Project("{FAE04EC0-301F-11D3-BF4B-00C04F79EFBC}") = "Task6", "Task6\Task6.csproj", "{7548A6BD-AED6-4A6F-B464-595285AC4A9B}"
EndProject
Project("{FAE04EC0-301F-11D3-BF4B-00C04F79EFBC}") = "Test1", "Test1\Test1.csproj", "{327DC755-DA3C-417E-9659-5A4E43972590}"
EndProject
Project("{FAE04EC0-301F-11D3-BF4B-00C04F79EFBC}") = "Task7", "Task7\Task7.csproj", "{8BF91FC2-C42E-41F6-887F-8BC937112304}"
EndProject
Project("{FAE04EC0-301F-11D3-BF4B-00C04F79EFBC}") = "Task8", "Task8\Task8.csproj", "{81B19E8A-0FE1-4DCD-A108-6D85C2C3C60A}"
EndProject
Project("{FAE04EC0-301F-11D3-BF4B-00C04F79EFBC}") = "Task9", "Task9\Task9.csproj", "{B1FAD53B-2237-417B-A8EE-578A13AA5DC2}"
EndProject
Project("{FAE04EC0-301F-11D3-BF4B-00C04F79EFBC}") = "Task10", "Task 10\Task10.csproj", "{CEBE81E4-58FD-4C6D-9F5B-ABFA52EAF3AF}"
EndProject
Project("{FAE04EC0-301F-11D3-BF4B-00C04F79EFBC}") = "Task11", "Task11\Task11.csproj", "{107662E0-88DF-4D69-82C7-F7147F4EC7DF}"
EndProject
Global
	GlobalSection(SolutionConfigurationPlatforms) = preSolution
		Debug|Any CPU = Debug|Any CPU
		Release|Any CPU = Release|Any CPU
	EndGlobalSection
	GlobalSection(ProjectConfigurationPlatforms) = postSolution
		{56D95F6A-1E75-46FC-A4BD-F3B96B41A6DE}.Debug|Any CPU.ActiveCfg = Debug|Any CPU
		{56D95F6A-1E75-46FC-A4BD-F3B96B41A6DE}.Debug|Any CPU.Build.0 = Debug|Any CPU
		{56D95F6A-1E75-46FC-A4BD-F3B96B41A6DE}.Release|Any CPU.ActiveCfg = Release|Any CPU
		{56D95F6A-1E75-46FC-A4BD-F3B96B41A6DE}.Release|Any CPU.Build.0 = Release|Any CPU
		{BBB1BA5C-40E2-4131-B682-8E041235C4A1}.Debug|Any CPU.ActiveCfg = Debug|Any CPU
		{BBB1BA5C-40E2-4131-B682-8E041235C4A1}.Debug|Any CPU.Build.0 = Debug|Any CPU
		{BBB1BA5C-40E2-4131-B682-8E041235C4A1}.Release|Any CPU.ActiveCfg = Release|Any CPU
		{BBB1BA5C-40E2-4131-B682-8E041235C4A1}.Release|Any CPU.Build.0 = Release|Any CPU
		{7548A6BD-AED6-4A6F-B464-595285AC4A9B}.Debug|Any CPU.ActiveCfg = Debug|Any CPU
		{7548A6BD-AED6-4A6F-B464-595285AC4A9B}.Debug|Any CPU.Build.0 = Debug|Any CPU
		{7548A6BD-AED6-4A6F-B464-595285AC4A9B}.Release|Any CPU.ActiveCfg = Release|Any CPU
		{7548A6BD-AED6-4A6F-B464-595285AC4A9B}.Release|Any CPU.Build.0 = Release|Any CPU
		{327DC755-DA3C-417E-9659-5A4E43972590}.Debug|Any CPU.ActiveCfg = Debug|Any CPU
		{327DC755-DA3C-417E-9659-5A4E43972590}.Debug|Any CPU.Build.0 = Debug|Any CPU
		{327DC755-DA3C-417E-9659-5A4E43972590}.Release|Any CPU.ActiveCfg = Release|Any CPU
		{327DC755-DA3C-417E-9659-5A4E43972590}.Release|Any CPU.Build.0 = Release|Any CPU
		{8BF91FC2-C42E-41F6-887F-8BC937112304}.Debug|Any CPU.ActiveCfg = Debug|Any CPU
		{8BF91FC2-C42E-41F6-887F-8BC937112304}.Debug|Any CPU.Build.0 = Debug|Any CPU
		{8BF91FC2-C42E-41F6-887F-8BC937112304}.Release|Any CPU.ActiveCfg = Release|Any CPU
		{8BF91FC2-C42E-41F6-887F-8BC937112304}.Release|Any CPU.Build.0 = Release|Any CPU
		{81B19E8A-0FE1-4DCD-A108-6D85C2C3C60A}.Debug|Any CPU.ActiveCfg = Debug|Any CPU
		{81B19E8A-0FE1-4DCD-A108-6D85C2C3C60A}.Debug|Any CPU.Build.0 = Debug|Any CPU
		{81B19E8A-0FE1-4DCD-A108-6D85C2C3C60A}.Release|Any CPU.ActiveCfg = Release|Any CPU
		{81B19E8A-0FE1-4DCD-A108-6D85C2C3C60A}.Release|Any CPU.Build.0 = Release|Any CPU
		{B1FAD53B-2237-417B-A8EE-578A13AA5DC2}.Debug|Any CPU.ActiveCfg = Debug|Any CPU
		{B1FAD53B-2237-417B-A8EE-578A13AA5DC2}.Debug|Any CPU.Build.0 = Debug|Any CPU
		{B1FAD53B-2237-417B-A8EE-578A13AA5DC2}.Release|Any CPU.ActiveCfg = Release|Any CPU
		{B1FAD53B-2237-417B-A8EE-578A13AA5DC2}.Release|Any CPU.Build.0 = Release|Any CPU
		{CEBE81E4-58FD-4C6D-9F5B-ABFA52EAF3AF}.Debug|Any CPU.ActiveCfg = Debug|Any CPU
		{CEBE81E4-58FD-4C6D-9F5B-ABFA52EAF3AF}.Debug|Any CPU.Build.0 = Debug|Any CPU
		{CEBE81E4-58FD-4C6D-9F5B-ABFA52EAF3AF}.Release|Any CPU.ActiveCfg = Release|Any CPU
		{CEBE81E4-58FD-4C6D-9F5B-ABFA52EAF3AF}.Release|Any CPU.Build.0 = Release|Any CPU
		{107662E0-88DF-4D69-82C7-F7147F4EC7DF}.Debug|Any CPU.ActiveCfg = Debug|Any CPU
		{107662E0-88DF-4D69-82C7-F7147F4EC7DF}.Debug|Any CPU.Build.0 = Debug|Any CPU
		{107662E0-88DF-4D69-82C7-F7147F4EC7DF}.Release|Any CPU.ActiveCfg = Release|Any CPU
		{107662E0-88DF-4D69-82C7-F7147F4EC7DF}.Release|Any CPU.Build.0 = Release|Any CPU
	EndGlobalSection
	GlobalSection(SolutionProperties) = preSolution
		HideSolutionNode = FALSE
	EndGlobalSection
	GlobalSection(ExtensibilityGlobals) = postSolution
		SolutionGuid = {D3E2C019-4D1B-4B8A-9948-40291D51BB61}
	EndGlobalSection
EndGlobal
