
Microsoft Visual Studio Solution File, Format Version 12.00
# Visual Studio 15
VisualStudioVersion = 15.0.28010.2050
MinimumVisualStudioVersion = 10.0.40219.1
Project("{FAE04EC0-301F-11D3-BF4B-00C04F79EFBC}") = "MyTestLib", "MyTestLib\MyTestLib.csproj", "{B8894F3B-F40C-44AC-A57A-8044319E3962}"
EndProject
Global
	GlobalSection(SolutionConfigurationPlatforms) = preSolution
		Debug|Any CPU = Debug|Any CPU
		Release|Any CPU = Release|Any CPU
	EndGlobalSection
	GlobalSection(ProjectConfigurationPlatforms) = postSolution
		{B8894F3B-F40C-44AC-A57A-8044319E3962}.Debug|Any CPU.ActiveCfg = Debug|Any CPU
		{B8894F3B-F40C-44AC-A57A-8044319E3962}.Debug|Any CPU.Build.0 = Debug|Any CPU
		{B8894F3B-F40C-44AC-A57A-8044319E3962}.Release|Any CPU.ActiveCfg = Release|Any CPU
		{B8894F3B-F40C-44AC-A57A-8044319E3962}.Release|Any CPU.Build.0 = Release|Any CPU
	EndGlobalSection
	GlobalSection(SolutionProperties) = preSolution
		HideSolutionNode = FALSE
	EndGlobalSection
	GlobalSection(ExtensibilityGlobals) = postSolution
		SolutionGuid = {7B65DC14-60F6-4F8B-A4C4-9481266D1EE8}
	EndGlobalSection
EndGlobal
